
Microsoft Visual Studio Solution File, Format Version 12.00
# Visual Studio Version 16
VisualStudioVersion = 16.0.31911.196
MinimumVisualStudioVersion = 10.0.40219.1
Project("{FAE04EC0-301F-11D3-BF4B-00C04F79EFBC}") = "Двумерный массив", "Двумерный массив.csproj", "{24B5887F-64C5-4B01-8A30-58DDD73B1478}"
EndProject
Global
	GlobalSection(SolutionConfigurationPlatforms) = preSolution
		Debug|Any CPU = Debug|Any CPU
		Release|Any CPU = Release|Any CPU
	EndGlobalSection
	GlobalSection(ProjectConfigurationPlatforms) = postSolution
		{24B5887F-64C5-4B01-8A30-58DDD73B1478}.Debug|Any CPU.ActiveCfg = Debug|Any CPU
		{24B5887F-64C5-4B01-8A30-58DDD73B1478}.Debug|Any CPU.Build.0 = Debug|Any CPU
		{24B5887F-64C5-4B01-8A30-58DDD73B1478}.Release|Any CPU.ActiveCfg = Release|Any CPU
		{24B5887F-64C5-4B01-8A30-58DDD73B1478}.Release|Any CPU.Build.0 = Release|Any CPU
	EndGlobalSection
	GlobalSection(SolutionProperties) = preSolution
		HideSolutionNode = FALSE
	EndGlobalSection
	GlobalSection(ExtensibilityGlobals) = postSolution
		SolutionGuid = {5A524925-E93F-4B74-B41A-9A2990B034C8}
	EndGlobalSection
EndGlobal
